
Microsoft Visual Studio Solution File, Format Version 12.00
# Visual Studio Version 17
VisualStudioVersion = 17.14.37111.16 d17.14
MinimumVisualStudioVersion = 10.0.40219.1
Project("{FAE04EC0-301F-11D3-BF4B-00C04F79EFBC}") = "WpfApp1337", "WpfApp1337\WpfApp1337.csproj", "{5B29B071-E920-4A93-9958-F9E9E37A7CEE}"
EndProject
Global
	GlobalSection(SolutionConfigurationPlatforms) = preSolution
		Debug|Any CPU = Debug|Any CPU
		Release|Any CPU = Release|Any CPU
	EndGlobalSection
	GlobalSection(ProjectConfigurationPlatforms) = postSolution
		{5B29B071-E920-4A93-9958-F9E9E37A7CEE}.Debug|Any CPU.ActiveCfg = Debug|Any CPU
		{5B29B071-E920-4A93-9958-F9E9E37A7CEE}.Debug|Any CPU.Build.0 = Debug|Any CPU
		{5B29B071-E920-4A93-9958-F9E9E37A7CEE}.Release|Any CPU.ActiveCfg = Release|Any CPU
		{5B29B071-E920-4A93-9958-F9E9E37A7CEE}.Release|Any CPU.Build.0 = Release|Any CPU
	EndGlobalSection
	GlobalSection(SolutionProperties) = preSolution
		HideSolutionNode = FALSE
	EndGlobalSection
	GlobalSection(ExtensibilityGlobals) = postSolution
		SolutionGuid = {166B830F-A170-4375-8398-DFBD9A50E72F}
	EndGlobalSection
EndGlobal
